
Microsoft Visual Studio Solution File, Format Version 12.00
# Visual Studio 15
VisualStudioVersion = 15.0.28307.168
MinimumVisualStudioVersion = 10.0.40219.1
Project("{FAE04EC0-301F-11D3-BF4B-00C04F79EFBC}") = "testSQL", "testSQL\testSQL.csproj", "{128DD9D3-9576-44D3-A4A8-F15E19D4729E}"
EndProject
Global
	GlobalSection(SolutionConfigurationPlatforms) = preSolution
		Debug|Any CPU = Debug|Any CPU
		Release|Any CPU = Release|Any CPU
	EndGlobalSection
	GlobalSection(ProjectConfigurationPlatforms) = postSolution
		{128DD9D3-9576-44D3-A4A8-F15E19D4729E}.Debug|Any CPU.ActiveCfg = Debug|Any CPU
		{128DD9D3-9576-44D3-A4A8-F15E19D4729E}.Debug|Any CPU.Build.0 = Debug|Any CPU
		{128DD9D3-9576-44D3-A4A8-F15E19D4729E}.Release|Any CPU.ActiveCfg = Release|Any CPU
		{128DD9D3-9576-44D3-A4A8-F15E19D4729E}.Release|Any CPU.Build.0 = Release|Any CPU
	EndGlobalSection
	GlobalSection(SolutionProperties) = preSolution
		HideSolutionNode = FALSE
	EndGlobalSection
	GlobalSection(ExtensibilityGlobals) = postSolution
		SolutionGuid = {C8B7ECB9-8572-4CFA-BD08-D526D0292608}
	EndGlobalSection
EndGlobal
